
Microsoft Visual Studio Solution File, Format Version 12.00
# Visual Studio 2012
Project("{FAE04EC0-301F-11D3-BF4B-00C04F79EFBC}") = "jQuery", "jQuery\jQuery.csproj", "{0E438358-1198-43F3-8053-7B92F2533F5C}"
EndProject
Global
	GlobalSection(SolutionConfigurationPlatforms) = preSolution
		Debug|Any CPU = Debug|Any CPU
		Release|Any CPU = Release|Any CPU
	EndGlobalSection
	GlobalSection(ProjectConfigurationPlatforms) = postSolution
		{0E438358-1198-43F3-8053-7B92F2533F5C}.Debug|Any CPU.ActiveCfg = Debug|Any CPU
		{0E438358-1198-43F3-8053-7B92F2533F5C}.Debug|Any CPU.Build.0 = Debug|Any CPU
		{0E438358-1198-43F3-8053-7B92F2533F5C}.Release|Any CPU.ActiveCfg = Release|Any CPU
		{0E438358-1198-43F3-8053-7B92F2533F5C}.Release|Any CPU.Build.0 = Release|Any CPU
	EndGlobalSection
	GlobalSection(SolutionProperties) = preSolution
		HideSolutionNode = FALSE
	EndGlobalSection
EndGlobal
