
Microsoft Visual Studio Solution File, Format Version 12.00
# Visual Studio 2012
Project("{FAE04EC0-301F-11D3-BF4B-00C04F79EFBC}") = "6.PrintFirstAndLastName", "6.PrintFirstAndLastName\6.PrintFirstAndLastName.csproj", "{16C5CA36-0793-4C20-BF14-69D3D2EDBC0F}"
EndProject
Project("{FAE04EC0-301F-11D3-BF4B-00C04F79EFBC}") = "7.DateTimeNow", "7.DateTimeNow\7.DateTimeNow.csproj", "{C6B30947-BA43-4805-8E02-3973C0E5AA8A}"
EndProject
Project("{FAE04EC0-301F-11D3-BF4B-00C04F79EFBC}") = "8.SquareOfNum", "8.Square of number\8.SquareOfNum.csproj", "{FDE1AB61-77E2-462E-896F-A242FAA248AD}"
EndProject
Project("{FAE04EC0-301F-11D3-BF4B-00C04F79EFBC}") = "9.PrintSequence", "9.PrintSequence\9.PrintSequence.csproj", "{6CE908A2-DF6F-49E5-99F7-56A2122FEC6B}"
EndProject
Project("{FAE04EC0-301F-11D3-BF4B-00C04F79EFBC}") = "12.10YearsAfter", "12.10YearsAfter\12.10YearsAfter.csproj", "{E40EA2C5-E444-4FE4-9DAF-F89EB6A08185}"
EndProject
Project("{FAE04EC0-301F-11D3-BF4B-00C04F79EFBC}") = "2.HelloCSHARP", "2.HelloCSHARP\2.HelloCSHARP.csproj", "{B660DF5A-6523-44BB-803D-A829242D2D29}"
EndProject
Project("{FAE04EC0-301F-11D3-BF4B-00C04F79EFBC}") = "3.PrintName", "PrintName\3.PrintName.csproj", "{DDB28346-2292-4D5F-8535-129A29A28813}"
EndProject
Project("{FAE04EC0-301F-11D3-BF4B-00C04F79EFBC}") = "4.PrintNumbers", "4.PrintNumbers\4.PrintNumbers.csproj", "{647A68FB-F009-41CE-83A1-F8ACC0E13C4B}"
EndProject
Global
	GlobalSection(SolutionConfigurationPlatforms) = preSolution
		Debug|Any CPU = Debug|Any CPU
		Release|Any CPU = Release|Any CPU
	EndGlobalSection
	GlobalSection(ProjectConfigurationPlatforms) = postSolution
		{16C5CA36-0793-4C20-BF14-69D3D2EDBC0F}.Debug|Any CPU.ActiveCfg = Debug|Any CPU
		{16C5CA36-0793-4C20-BF14-69D3D2EDBC0F}.Debug|Any CPU.Build.0 = Debug|Any CPU
		{16C5CA36-0793-4C20-BF14-69D3D2EDBC0F}.Release|Any CPU.ActiveCfg = Release|Any CPU
		{16C5CA36-0793-4C20-BF14-69D3D2EDBC0F}.Release|Any CPU.Build.0 = Release|Any CPU
		{C6B30947-BA43-4805-8E02-3973C0E5AA8A}.Debug|Any CPU.ActiveCfg = Debug|Any CPU
		{C6B30947-BA43-4805-8E02-3973C0E5AA8A}.Debug|Any CPU.Build.0 = Debug|Any CPU
		{C6B30947-BA43-4805-8E02-3973C0E5AA8A}.Release|Any CPU.ActiveCfg = Release|Any CPU
		{C6B30947-BA43-4805-8E02-3973C0E5AA8A}.Release|Any CPU.Build.0 = Release|Any CPU
		{FDE1AB61-77E2-462E-896F-A242FAA248AD}.Debug|Any CPU.ActiveCfg = Debug|Any CPU
		{FDE1AB61-77E2-462E-896F-A242FAA248AD}.Debug|Any CPU.Build.0 = Debug|Any CPU
		{FDE1AB61-77E2-462E-896F-A242FAA248AD}.Release|Any CPU.ActiveCfg = Release|Any CPU
		{FDE1AB61-77E2-462E-896F-A242FAA248AD}.Release|Any CPU.Build.0 = Release|Any CPU
		{6CE908A2-DF6F-49E5-99F7-56A2122FEC6B}.Debug|Any CPU.ActiveCfg = Debug|Any CPU
		{6CE908A2-DF6F-49E5-99F7-56A2122FEC6B}.Debug|Any CPU.Build.0 = Debug|Any CPU
		{6CE908A2-DF6F-49E5-99F7-56A2122FEC6B}.Release|Any CPU.ActiveCfg = Release|Any CPU
		{6CE908A2-DF6F-49E5-99F7-56A2122FEC6B}.Release|Any CPU.Build.0 = Release|Any CPU
		{E40EA2C5-E444-4FE4-9DAF-F89EB6A08185}.Debug|Any CPU.ActiveCfg = Debug|Any CPU
		{E40EA2C5-E444-4FE4-9DAF-F89EB6A08185}.Debug|Any CPU.Build.0 = Debug|Any CPU
		{E40EA2C5-E444-4FE4-9DAF-F89EB6A08185}.Release|Any CPU.ActiveCfg = Release|Any CPU
		{E40EA2C5-E444-4FE4-9DAF-F89EB6A08185}.Release|Any CPU.Build.0 = Release|Any CPU
		{B660DF5A-6523-44BB-803D-A829242D2D29}.Debug|Any CPU.ActiveCfg = Debug|Any CPU
		{B660DF5A-6523-44BB-803D-A829242D2D29}.Debug|Any CPU.Build.0 = Debug|Any CPU
		{B660DF5A-6523-44BB-803D-A829242D2D29}.Release|Any CPU.ActiveCfg = Release|Any CPU
		{B660DF5A-6523-44BB-803D-A829242D2D29}.Release|Any CPU.Build.0 = Release|Any CPU
		{DDB28346-2292-4D5F-8535-129A29A28813}.Debug|Any CPU.ActiveCfg = Debug|Any CPU
		{DDB28346-2292-4D5F-8535-129A29A28813}.Debug|Any CPU.Build.0 = Debug|Any CPU
		{DDB28346-2292-4D5F-8535-129A29A28813}.Release|Any CPU.ActiveCfg = Release|Any CPU
		{DDB28346-2292-4D5F-8535-129A29A28813}.Release|Any CPU.Build.0 = Release|Any CPU
		{647A68FB-F009-41CE-83A1-F8ACC0E13C4B}.Debug|Any CPU.ActiveCfg = Debug|Any CPU
		{647A68FB-F009-41CE-83A1-F8ACC0E13C4B}.Debug|Any CPU.Build.0 = Debug|Any CPU
		{647A68FB-F009-41CE-83A1-F8ACC0E13C4B}.Release|Any CPU.ActiveCfg = Release|Any CPU
		{647A68FB-F009-41CE-83A1-F8ACC0E13C4B}.Release|Any CPU.Build.0 = Release|Any CPU
	EndGlobalSection
	GlobalSection(SolutionProperties) = preSolution
		HideSolutionNode = FALSE
	EndGlobalSection
EndGlobal
