
Microsoft Visual Studio Solution File, Format Version 12.00
# Visual Studio 2012
Project("{FAE04EC0-301F-11D3-BF4B-00C04F79EFBC}") = "TrapezoidDONE", "Trapezoid\TrapezoidDONE.csproj", "{603506EA-B2D1-41D2-A4CE-9C6491913CAA}"
EndProject
Project("{FAE04EC0-301F-11D3-BF4B-00C04F79EFBC}") = "LastMajorityMultipleCOMPLETE", "LastMajorityMultiple\LastMajorityMultipleCOMPLETE.csproj", "{3E99BB8A-4F85-4AE5-AF20-FB83F647B3BD}"
EndProject
Project("{FAE04EC0-301F-11D3-BF4B-00C04F79EFBC}") = "BatBoikoTowerCOMPLETE", "04.BatBoikoTower\BatBoikoTowerCOMPLETE.csproj", "{ACC8054B-0540-41E7-BDA7-AFC4B8D5C3A0}"
EndProject
Project("{FAE04EC0-301F-11D3-BF4B-00C04F79EFBC}") = "PILLARS-DONE", "PILLARS\PILLARS-DONE.csproj", "{24D2622B-EE1E-46A6-BB12-15DD860D403B}"
EndProject
Project("{FAE04EC0-301F-11D3-BF4B-00C04F79EFBC}") = "BIttrisNotComplete", "Bittris\BIttrisNotComplete.csproj", "{B7D1AE9E-01A9-4C55-B6A3-23B0F95C5B6E}"
EndProject
Project("{FAE04EC0-301F-11D3-BF4B-00C04F79EFBC}") = "DancingBitsCOMPLETE", "DancingBits\DancingBitsCOMPLETE.csproj", "{35700AA8-1EF1-4610-90F1-15E17B7B09FA}"
EndProject
Project("{FAE04EC0-301F-11D3-BF4B-00C04F79EFBC}") = "FighterAttackCOMPLETE", "FighterAttack\FighterAttackCOMPLETE.csproj", "{40FD542B-99CC-4F5F-9A4E-6602E135B119}"
EndProject
Project("{FAE04EC0-301F-11D3-BF4B-00C04F79EFBC}") = "AstrologicalNumbersCOMPLETE", "AstrologicalNumbers\AstrologicalNumbersCOMPLETE.csproj", "{998D9F27-4D19-4B5E-A84B-1C98464D54ED}"
EndProject
Project("{FAE04EC0-301F-11D3-BF4B-00C04F79EFBC}") = "LinesCOMPLETE", "Lines\LinesCOMPLETE.csproj", "{B1D0D44B-A5D0-47B9-9B62-88E1AC97326E}"
EndProject
Project("{FAE04EC0-301F-11D3-BF4B-00C04F79EFBC}") = "A-nacciCOMPLETE", "A-nacci\A-nacciCOMPLETE.csproj", "{5353F2AC-797D-4F5C-8E4F-8070C7B5E7E6}"
EndProject
Project("{FAE04EC0-301F-11D3-BF4B-00C04F79EFBC}") = "BitBallCOMPLETE", "BitBall\BitBallCOMPLETE.csproj", "{E8862F43-0683-4BA2-9FFD-42A56EC9315E}"
EndProject
Project("{FAE04EC0-301F-11D3-BF4B-00C04F79EFBC}") = "SevenLandNumbers", "SevenLandNumbers\SevenLandNumbers.csproj", "{16398A5C-FB7A-4E81-91B1-07D36A7C28A1}"
EndProject
Project("{FAE04EC0-301F-11D3-BF4B-00C04F79EFBC}") = "MessageInABottleCSharp2", "MessageInABottle\MessageInABottleCSharp2.csproj", "{4638F4C6-8BDE-49CC-B43B-8DBFC5E1CB43}"
EndProject
Project("{FAE04EC0-301F-11D3-BF4B-00C04F79EFBC}") = "CarpetsDONE", "Carpets\CarpetsDONE.csproj", "{6E2D2AAC-3720-436F-BD64-5CBFF604DE72}"
EndProject
Project("{FAE04EC0-301F-11D3-BF4B-00C04F79EFBC}") = "FormulaBitOneDONE", "FormulaBitOne\FormulaBitOneDONE.csproj", "{D57AE711-CFF9-4C70-9541-A12FB47110CD}"
EndProject
Project("{FAE04EC0-301F-11D3-BF4B-00C04F79EFBC}") = "NextDateDONE", "NEXTDATE\NextDateDONE.csproj", "{85E03B54-FDB3-47A6-9DF0-3E39D4C452B8}"
EndProject
Project("{FAE04EC0-301F-11D3-BF4B-00C04F79EFBC}") = "TribonacciTriangleDONE", "TribonacciTriangle\TribonacciTriangleDONE.csproj", "{3405C0EC-CCD2-4760-A16A-42457A81685B}"
EndProject
Project("{FAE04EC0-301F-11D3-BF4B-00C04F79EFBC}") = "SheetsDONE", "Sheets\SheetsDONE.csproj", "{0F9AD6E4-CD6C-494A-9B85-B774754A0376}"
EndProject
Project("{FAE04EC0-301F-11D3-BF4B-00C04F79EFBC}") = "Quadronacci Rectangle", "Quadronacci Rectangle\Quadronacci Rectangle.csproj", "{6EDE2E81-3B8B-4A69-9723-34F1CDF71D92}"
EndProject
Project("{FAE04EC0-301F-11D3-BF4B-00C04F79EFBC}") = "FallDownDONE", "FallDown\FallDownDONE.csproj", "{AED3C3A0-B0BC-4E4A-89DF-70264917B260}"
EndProject
Project("{FAE04EC0-301F-11D3-BF4B-00C04F79EFBC}") = "WeAllLovebits", "WeAllLovebits\WeAllLovebits.csproj", "{1381B419-5DCA-4FE2-A22D-DA3023C5A2A0}"
EndProject
Project("{FAE04EC0-301F-11D3-BF4B-00C04F79EFBC}") = "ForestRoadDONE", "ForestRoad\ForestRoadDONE.csproj", "{3BB3E03D-F84A-4287-86B1-9159FAC21F2E}"
EndProject
Project("{FAE04EC0-301F-11D3-BF4B-00C04F79EFBC}") = "TelerikLogoDONE", "TelerikLogo\TelerikLogoDONE.csproj", "{0340D802-BC32-4CAD-8C2B-9294513CCAA7}"
EndProject
Project("{FAE04EC0-301F-11D3-BF4B-00C04F79EFBC}") = "Excel ColumnsDONE", "Excel Columns\Excel ColumnsDONE.csproj", "{88BE6929-6527-42E3-9830-A91A37DCF465}"
EndProject
Project("{FAE04EC0-301F-11D3-BF4B-00C04F79EFBC}") = "TrippleRotationDONE", "TrippleRotation\TrippleRotationDONE.csproj", "{73933D4D-C2CA-44D4-8CF0-2C7FB782952D}"
EndProject
Project("{FAE04EC0-301F-11D3-BF4B-00C04F79EFBC}") = "BinaryDigitsCountDONE", "BinaryDigitsCount\BinaryDigitsCountDONE.csproj", "{E9625AD6-8B91-4BEB-83D4-283EE2BB6BD1}"
EndProject
Project("{FAE04EC0-301F-11D3-BF4B-00C04F79EFBC}") = "SandGlassDONE", "SandGlass\SandGlassDONE.csproj", "{09A0F514-C5BC-4564-9BAD-780B8B583CC5}"
EndProject
Project("{FAE04EC0-301F-11D3-BF4B-00C04F79EFBC}") = "MathExpressionDONE", "MathExpressionOp\MathExpressionDONE.csproj", "{59FC9061-1596-405D-8FEB-3E6BF63041C7}"
EndProject
Project("{FAE04EC0-301F-11D3-BF4B-00C04F79EFBC}") = "DrunkenNumbersDONE", "DrunkenNumbers\DrunkenNumbersDONE.csproj", "{E33FA0B0-F2EA-4CB8-9340-ABDDCCF34654}"
EndProject
Project("{FAE04EC0-301F-11D3-BF4B-00C04F79EFBC}") = "OddNumberDONE", "OddNumber\OddNumberDONE.csproj", "{123CC2C2-BA3C-432C-8C84-60CD45CD37B5}"
EndProject
Project("{FAE04EC0-301F-11D3-BF4B-00C04F79EFBC}") = "CortesianCoordinateSysDONE", "CortesianCoordinateSys\CortesianCoordinateSysDONE.csproj", "{119B1308-4D5C-4B4B-80D2-8009211F3B01}"
EndProject
Project("{FAE04EC0-301F-11D3-BF4B-00C04F79EFBC}") = "MissCat2011DONE", "MissCat2011\MissCat2011DONE.csproj", "{F341005B-F253-4DD7-97A4-F49740FD3E9A}"
EndProject
Project("{FAE04EC0-301F-11D3-BF4B-00C04F79EFBC}") = "UKFlagDONE", "UKFlag\UKFlagDONE.csproj", "{204E2DEE-C898-490E-9E46-9C7652969C16}"
EndProject
Project("{FAE04EC0-301F-11D3-BF4B-00C04F79EFBC}") = "PeshoGardensDONE", "PeshoGardens\PeshoGardensDONE.csproj", "{03BE86F0-9240-4230-BDD1-54570B24B847}"
EndProject
Project("{FAE04EC0-301F-11D3-BF4B-00C04F79EFBC}") = "ShipDamageDONE", "ShipDamage\ShipDamageDONE.csproj", "{6E9AD20C-6E5E-4F1F-AACF-D5A8649635B5}"
EndProject
Project("{FAE04EC0-301F-11D3-BF4B-00C04F79EFBC}") = "FireDONE", "FIRE\FireDONE.csproj", "{0CE43232-EB2F-4E68-8079-FF2DA64768E8}"
EndProject
Project("{FAE04EC0-301F-11D3-BF4B-00C04F79EFBC}") = "CoffeeMachineDONE", "CoffeeMachine\CoffeeMachineDONE.csproj", "{F2D1D3CF-DFCC-493D-B634-8B9CA2D1BC58}"
EndProject
Project("{FAE04EC0-301F-11D3-BF4B-00C04F79EFBC}") = "FirTreeDONE", "FirTreeDONE\FirTreeDONE.csproj", "{61D29BE3-60AB-4C39-AF37-24C3C8F3DCF7}"
EndProject
Project("{FAE04EC0-301F-11D3-BF4B-00C04F79EFBC}") = "AADIAMONDS", "AADIAMONDS\AADIAMONDS.csproj", "{9319EB7A-8762-4A0F-AD23-5CBA1218C73D}"
EndProject
Project("{FAE04EC0-301F-11D3-BF4B-00C04F79EFBC}") = "AATheHorror", "TheHorror\AATheHorror.csproj", "{1527F6F6-875F-4105-BBF4-4C702C486B92}"
EndProject
Project("{FAE04EC0-301F-11D3-BF4B-00C04F79EFBC}") = "AA369", "AAXPRESSION\AA369.csproj", "{684BA00C-94AF-452B-872B-01BEE26D0E1C}"
EndProject
Project("{FAE04EC0-301F-11D3-BF4B-00C04F79EFBC}") = "AAXPRESSIONN", "AAXPRESSIONN\AAXPRESSIONN.csproj", "{B16DC5DA-B3D6-4ACB-BA83-D1F09AB4C809}"
EndProject
Project("{FAE04EC0-301F-11D3-BF4B-00C04F79EFBC}") = "5", "5\5.csproj", "{1EBF1BAA-7D68-4CE1-9879-51A41FE4E3D3}"
EndProject
Global
	GlobalSection(SolutionConfigurationPlatforms) = preSolution
		Debug|Any CPU = Debug|Any CPU
		Release|Any CPU = Release|Any CPU
	EndGlobalSection
	GlobalSection(ProjectConfigurationPlatforms) = postSolution
		{603506EA-B2D1-41D2-A4CE-9C6491913CAA}.Debug|Any CPU.ActiveCfg = Debug|Any CPU
		{603506EA-B2D1-41D2-A4CE-9C6491913CAA}.Debug|Any CPU.Build.0 = Debug|Any CPU
		{603506EA-B2D1-41D2-A4CE-9C6491913CAA}.Release|Any CPU.ActiveCfg = Release|Any CPU
		{603506EA-B2D1-41D2-A4CE-9C6491913CAA}.Release|Any CPU.Build.0 = Release|Any CPU
		{3E99BB8A-4F85-4AE5-AF20-FB83F647B3BD}.Debug|Any CPU.ActiveCfg = Debug|Any CPU
		{3E99BB8A-4F85-4AE5-AF20-FB83F647B3BD}.Debug|Any CPU.Build.0 = Debug|Any CPU
		{3E99BB8A-4F85-4AE5-AF20-FB83F647B3BD}.Release|Any CPU.ActiveCfg = Release|Any CPU
		{3E99BB8A-4F85-4AE5-AF20-FB83F647B3BD}.Release|Any CPU.Build.0 = Release|Any CPU
		{ACC8054B-0540-41E7-BDA7-AFC4B8D5C3A0}.Debug|Any CPU.ActiveCfg = Debug|Any CPU
		{ACC8054B-0540-41E7-BDA7-AFC4B8D5C3A0}.Debug|Any CPU.Build.0 = Debug|Any CPU
		{ACC8054B-0540-41E7-BDA7-AFC4B8D5C3A0}.Release|Any CPU.ActiveCfg = Release|Any CPU
		{ACC8054B-0540-41E7-BDA7-AFC4B8D5C3A0}.Release|Any CPU.Build.0 = Release|Any CPU
		{24D2622B-EE1E-46A6-BB12-15DD860D403B}.Debug|Any CPU.ActiveCfg = Debug|Any CPU
		{24D2622B-EE1E-46A6-BB12-15DD860D403B}.Debug|Any CPU.Build.0 = Debug|Any CPU
		{24D2622B-EE1E-46A6-BB12-15DD860D403B}.Release|Any CPU.ActiveCfg = Release|Any CPU
		{24D2622B-EE1E-46A6-BB12-15DD860D403B}.Release|Any CPU.Build.0 = Release|Any CPU
		{B7D1AE9E-01A9-4C55-B6A3-23B0F95C5B6E}.Debug|Any CPU.ActiveCfg = Debug|Any CPU
		{B7D1AE9E-01A9-4C55-B6A3-23B0F95C5B6E}.Debug|Any CPU.Build.0 = Debug|Any CPU
		{B7D1AE9E-01A9-4C55-B6A3-23B0F95C5B6E}.Release|Any CPU.ActiveCfg = Release|Any CPU
		{B7D1AE9E-01A9-4C55-B6A3-23B0F95C5B6E}.Release|Any CPU.Build.0 = Release|Any CPU
		{35700AA8-1EF1-4610-90F1-15E17B7B09FA}.Debug|Any CPU.ActiveCfg = Debug|Any CPU
		{35700AA8-1EF1-4610-90F1-15E17B7B09FA}.Debug|Any CPU.Build.0 = Debug|Any CPU
		{35700AA8-1EF1-4610-90F1-15E17B7B09FA}.Release|Any CPU.ActiveCfg = Release|Any CPU
		{35700AA8-1EF1-4610-90F1-15E17B7B09FA}.Release|Any CPU.Build.0 = Release|Any CPU
		{40FD542B-99CC-4F5F-9A4E-6602E135B119}.Debug|Any CPU.ActiveCfg = Debug|Any CPU
		{40FD542B-99CC-4F5F-9A4E-6602E135B119}.Debug|Any CPU.Build.0 = Debug|Any CPU
		{40FD542B-99CC-4F5F-9A4E-6602E135B119}.Release|Any CPU.ActiveCfg = Release|Any CPU
		{40FD542B-99CC-4F5F-9A4E-6602E135B119}.Release|Any CPU.Build.0 = Release|Any CPU
		{998D9F27-4D19-4B5E-A84B-1C98464D54ED}.Debug|Any CPU.ActiveCfg = Debug|Any CPU
		{998D9F27-4D19-4B5E-A84B-1C98464D54ED}.Debug|Any CPU.Build.0 = Debug|Any CPU
		{998D9F27-4D19-4B5E-A84B-1C98464D54ED}.Release|Any CPU.ActiveCfg = Release|Any CPU
		{998D9F27-4D19-4B5E-A84B-1C98464D54ED}.Release|Any CPU.Build.0 = Release|Any CPU
		{B1D0D44B-A5D0-47B9-9B62-88E1AC97326E}.Debug|Any CPU.ActiveCfg = Debug|Any CPU
		{B1D0D44B-A5D0-47B9-9B62-88E1AC97326E}.Debug|Any CPU.Build.0 = Debug|Any CPU
		{B1D0D44B-A5D0-47B9-9B62-88E1AC97326E}.Release|Any CPU.ActiveCfg = Release|Any CPU
		{B1D0D44B-A5D0-47B9-9B62-88E1AC97326E}.Release|Any CPU.Build.0 = Release|Any CPU
		{5353F2AC-797D-4F5C-8E4F-8070C7B5E7E6}.Debug|Any CPU.ActiveCfg = Debug|Any CPU
		{5353F2AC-797D-4F5C-8E4F-8070C7B5E7E6}.Debug|Any CPU.Build.0 = Debug|Any CPU
		{5353F2AC-797D-4F5C-8E4F-8070C7B5E7E6}.Release|Any CPU.ActiveCfg = Release|Any CPU
		{5353F2AC-797D-4F5C-8E4F-8070C7B5E7E6}.Release|Any CPU.Build.0 = Release|Any CPU
		{E8862F43-0683-4BA2-9FFD-42A56EC9315E}.Debug|Any CPU.ActiveCfg = Debug|Any CPU
		{E8862F43-0683-4BA2-9FFD-42A56EC9315E}.Debug|Any CPU.Build.0 = Debug|Any CPU
		{E8862F43-0683-4BA2-9FFD-42A56EC9315E}.Release|Any CPU.ActiveCfg = Release|Any CPU
		{E8862F43-0683-4BA2-9FFD-42A56EC9315E}.Release|Any CPU.Build.0 = Release|Any CPU
		{16398A5C-FB7A-4E81-91B1-07D36A7C28A1}.Debug|Any CPU.ActiveCfg = Debug|Any CPU
		{16398A5C-FB7A-4E81-91B1-07D36A7C28A1}.Debug|Any CPU.Build.0 = Debug|Any CPU
		{16398A5C-FB7A-4E81-91B1-07D36A7C28A1}.Release|Any CPU.ActiveCfg = Release|Any CPU
		{16398A5C-FB7A-4E81-91B1-07D36A7C28A1}.Release|Any CPU.Build.0 = Release|Any CPU
		{4638F4C6-8BDE-49CC-B43B-8DBFC5E1CB43}.Debug|Any CPU.ActiveCfg = Debug|Any CPU
		{4638F4C6-8BDE-49CC-B43B-8DBFC5E1CB43}.Debug|Any CPU.Build.0 = Debug|Any CPU
		{4638F4C6-8BDE-49CC-B43B-8DBFC5E1CB43}.Release|Any CPU.ActiveCfg = Release|Any CPU
		{4638F4C6-8BDE-49CC-B43B-8DBFC5E1CB43}.Release|Any CPU.Build.0 = Release|Any CPU
		{6E2D2AAC-3720-436F-BD64-5CBFF604DE72}.Debug|Any CPU.ActiveCfg = Debug|Any CPU
		{6E2D2AAC-3720-436F-BD64-5CBFF604DE72}.Debug|Any CPU.Build.0 = Debug|Any CPU
		{6E2D2AAC-3720-436F-BD64-5CBFF604DE72}.Release|Any CPU.ActiveCfg = Release|Any CPU
		{6E2D2AAC-3720-436F-BD64-5CBFF604DE72}.Release|Any CPU.Build.0 = Release|Any CPU
		{D57AE711-CFF9-4C70-9541-A12FB47110CD}.Debug|Any CPU.ActiveCfg = Debug|Any CPU
		{D57AE711-CFF9-4C70-9541-A12FB47110CD}.Debug|Any CPU.Build.0 = Debug|Any CPU
		{D57AE711-CFF9-4C70-9541-A12FB47110CD}.Release|Any CPU.ActiveCfg = Release|Any CPU
		{D57AE711-CFF9-4C70-9541-A12FB47110CD}.Release|Any CPU.Build.0 = Release|Any CPU
		{85E03B54-FDB3-47A6-9DF0-3E39D4C452B8}.Debug|Any CPU.ActiveCfg = Debug|Any CPU
		{85E03B54-FDB3-47A6-9DF0-3E39D4C452B8}.Debug|Any CPU.Build.0 = Debug|Any CPU
		{85E03B54-FDB3-47A6-9DF0-3E39D4C452B8}.Release|Any CPU.ActiveCfg = Release|Any CPU
		{85E03B54-FDB3-47A6-9DF0-3E39D4C452B8}.Release|Any CPU.Build.0 = Release|Any CPU
		{3405C0EC-CCD2-4760-A16A-42457A81685B}.Debug|Any CPU.ActiveCfg = Debug|Any CPU
		{3405C0EC-CCD2-4760-A16A-42457A81685B}.Debug|Any CPU.Build.0 = Debug|Any CPU
		{3405C0EC-CCD2-4760-A16A-42457A81685B}.Release|Any CPU.ActiveCfg = Release|Any CPU
		{3405C0EC-CCD2-4760-A16A-42457A81685B}.Release|Any CPU.Build.0 = Release|Any CPU
		{0F9AD6E4-CD6C-494A-9B85-B774754A0376}.Debug|Any CPU.ActiveCfg = Debug|Any CPU
		{0F9AD6E4-CD6C-494A-9B85-B774754A0376}.Debug|Any CPU.Build.0 = Debug|Any CPU
		{0F9AD6E4-CD6C-494A-9B85-B774754A0376}.Release|Any CPU.ActiveCfg = Release|Any CPU
		{0F9AD6E4-CD6C-494A-9B85-B774754A0376}.Release|Any CPU.Build.0 = Release|Any CPU
		{6EDE2E81-3B8B-4A69-9723-34F1CDF71D92}.Debug|Any CPU.ActiveCfg = Debug|Any CPU
		{6EDE2E81-3B8B-4A69-9723-34F1CDF71D92}.Debug|Any CPU.Build.0 = Debug|Any CPU
		{6EDE2E81-3B8B-4A69-9723-34F1CDF71D92}.Release|Any CPU.ActiveCfg = Release|Any CPU
		{6EDE2E81-3B8B-4A69-9723-34F1CDF71D92}.Release|Any CPU.Build.0 = Release|Any CPU
		{AED3C3A0-B0BC-4E4A-89DF-70264917B260}.Debug|Any CPU.ActiveCfg = Debug|Any CPU
		{AED3C3A0-B0BC-4E4A-89DF-70264917B260}.Debug|Any CPU.Build.0 = Debug|Any CPU
		{AED3C3A0-B0BC-4E4A-89DF-70264917B260}.Release|Any CPU.ActiveCfg = Release|Any CPU
		{AED3C3A0-B0BC-4E4A-89DF-70264917B260}.Release|Any CPU.Build.0 = Release|Any CPU
		{1381B419-5DCA-4FE2-A22D-DA3023C5A2A0}.Debug|Any CPU.ActiveCfg = Debug|Any CPU
		{1381B419-5DCA-4FE2-A22D-DA3023C5A2A0}.Debug|Any CPU.Build.0 = Debug|Any CPU
		{1381B419-5DCA-4FE2-A22D-DA3023C5A2A0}.Release|Any CPU.ActiveCfg = Release|Any CPU
		{1381B419-5DCA-4FE2-A22D-DA3023C5A2A0}.Release|Any CPU.Build.0 = Release|Any CPU
		{3BB3E03D-F84A-4287-86B1-9159FAC21F2E}.Debug|Any CPU.ActiveCfg = Debug|Any CPU
		{3BB3E03D-F84A-4287-86B1-9159FAC21F2E}.Debug|Any CPU.Build.0 = Debug|Any CPU
		{3BB3E03D-F84A-4287-86B1-9159FAC21F2E}.Release|Any CPU.ActiveCfg = Release|Any CPU
		{3BB3E03D-F84A-4287-86B1-9159FAC21F2E}.Release|Any CPU.Build.0 = Release|Any CPU
		{0340D802-BC32-4CAD-8C2B-9294513CCAA7}.Debug|Any CPU.ActiveCfg = Debug|Any CPU
		{0340D802-BC32-4CAD-8C2B-9294513CCAA7}.Debug|Any CPU.Build.0 = Debug|Any CPU
		{0340D802-BC32-4CAD-8C2B-9294513CCAA7}.Release|Any CPU.ActiveCfg = Release|Any CPU
		{0340D802-BC32-4CAD-8C2B-9294513CCAA7}.Release|Any CPU.Build.0 = Release|Any CPU
		{88BE6929-6527-42E3-9830-A91A37DCF465}.Debug|Any CPU.ActiveCfg = Debug|Any CPU
		{88BE6929-6527-42E3-9830-A91A37DCF465}.Debug|Any CPU.Build.0 = Debug|Any CPU
		{88BE6929-6527-42E3-9830-A91A37DCF465}.Release|Any CPU.ActiveCfg = Release|Any CPU
		{88BE6929-6527-42E3-9830-A91A37DCF465}.Release|Any CPU.Build.0 = Release|Any CPU
		{73933D4D-C2CA-44D4-8CF0-2C7FB782952D}.Debug|Any CPU.ActiveCfg = Debug|Any CPU
		{73933D4D-C2CA-44D4-8CF0-2C7FB782952D}.Debug|Any CPU.Build.0 = Debug|Any CPU
		{73933D4D-C2CA-44D4-8CF0-2C7FB782952D}.Release|Any CPU.ActiveCfg = Release|Any CPU
		{73933D4D-C2CA-44D4-8CF0-2C7FB782952D}.Release|Any CPU.Build.0 = Release|Any CPU
		{E9625AD6-8B91-4BEB-83D4-283EE2BB6BD1}.Debug|Any CPU.ActiveCfg = Debug|Any CPU
		{E9625AD6-8B91-4BEB-83D4-283EE2BB6BD1}.Debug|Any CPU.Build.0 = Debug|Any CPU
		{E9625AD6-8B91-4BEB-83D4-283EE2BB6BD1}.Release|Any CPU.ActiveCfg = Release|Any CPU
		{E9625AD6-8B91-4BEB-83D4-283EE2BB6BD1}.Release|Any CPU.Build.0 = Release|Any CPU
		{09A0F514-C5BC-4564-9BAD-780B8B583CC5}.Debug|Any CPU.ActiveCfg = Debug|Any CPU
		{09A0F514-C5BC-4564-9BAD-780B8B583CC5}.Debug|Any CPU.Build.0 = Debug|Any CPU
		{09A0F514-C5BC-4564-9BAD-780B8B583CC5}.Release|Any CPU.ActiveCfg = Release|Any CPU
		{09A0F514-C5BC-4564-9BAD-780B8B583CC5}.Release|Any CPU.Build.0 = Release|Any CPU
		{59FC9061-1596-405D-8FEB-3E6BF63041C7}.Debug|Any CPU.ActiveCfg = Debug|Any CPU
		{59FC9061-1596-405D-8FEB-3E6BF63041C7}.Debug|Any CPU.Build.0 = Debug|Any CPU
		{59FC9061-1596-405D-8FEB-3E6BF63041C7}.Release|Any CPU.ActiveCfg = Release|Any CPU
		{59FC9061-1596-405D-8FEB-3E6BF63041C7}.Release|Any CPU.Build.0 = Release|Any CPU
		{E33FA0B0-F2EA-4CB8-9340-ABDDCCF34654}.Debug|Any CPU.ActiveCfg = Debug|Any CPU
		{E33FA0B0-F2EA-4CB8-9340-ABDDCCF34654}.Debug|Any CPU.Build.0 = Debug|Any CPU
		{E33FA0B0-F2EA-4CB8-9340-ABDDCCF34654}.Release|Any CPU.ActiveCfg = Release|Any CPU
		{E33FA0B0-F2EA-4CB8-9340-ABDDCCF34654}.Release|Any CPU.Build.0 = Release|Any CPU
		{123CC2C2-BA3C-432C-8C84-60CD45CD37B5}.Debug|Any CPU.ActiveCfg = Debug|Any CPU
		{123CC2C2-BA3C-432C-8C84-60CD45CD37B5}.Debug|Any CPU.Build.0 = Debug|Any CPU
		{123CC2C2-BA3C-432C-8C84-60CD45CD37B5}.Release|Any CPU.ActiveCfg = Release|Any CPU
		{123CC2C2-BA3C-432C-8C84-60CD45CD37B5}.Release|Any CPU.Build.0 = Release|Any CPU
		{119B1308-4D5C-4B4B-80D2-8009211F3B01}.Debug|Any CPU.ActiveCfg = Debug|Any CPU
		{119B1308-4D5C-4B4B-80D2-8009211F3B01}.Debug|Any CPU.Build.0 = Debug|Any CPU
		{119B1308-4D5C-4B4B-80D2-8009211F3B01}.Release|Any CPU.ActiveCfg = Release|Any CPU
		{119B1308-4D5C-4B4B-80D2-8009211F3B01}.Release|Any CPU.Build.0 = Release|Any CPU
		{F341005B-F253-4DD7-97A4-F49740FD3E9A}.Debug|Any CPU.ActiveCfg = Debug|Any CPU
		{F341005B-F253-4DD7-97A4-F49740FD3E9A}.Debug|Any CPU.Build.0 = Debug|Any CPU
		{F341005B-F253-4DD7-97A4-F49740FD3E9A}.Release|Any CPU.ActiveCfg = Release|Any CPU
		{F341005B-F253-4DD7-97A4-F49740FD3E9A}.Release|Any CPU.Build.0 = Release|Any CPU
		{204E2DEE-C898-490E-9E46-9C7652969C16}.Debug|Any CPU.ActiveCfg = Debug|Any CPU
		{204E2DEE-C898-490E-9E46-9C7652969C16}.Debug|Any CPU.Build.0 = Debug|Any CPU
		{204E2DEE-C898-490E-9E46-9C7652969C16}.Release|Any CPU.ActiveCfg = Release|Any CPU
		{204E2DEE-C898-490E-9E46-9C7652969C16}.Release|Any CPU.Build.0 = Release|Any CPU
		{03BE86F0-9240-4230-BDD1-54570B24B847}.Debug|Any CPU.ActiveCfg = Debug|Any CPU
		{03BE86F0-9240-4230-BDD1-54570B24B847}.Debug|Any CPU.Build.0 = Debug|Any CPU
		{03BE86F0-9240-4230-BDD1-54570B24B847}.Release|Any CPU.ActiveCfg = Release|Any CPU
		{03BE86F0-9240-4230-BDD1-54570B24B847}.Release|Any CPU.Build.0 = Release|Any CPU
		{6E9AD20C-6E5E-4F1F-AACF-D5A8649635B5}.Debug|Any CPU.ActiveCfg = Debug|Any CPU
		{6E9AD20C-6E5E-4F1F-AACF-D5A8649635B5}.Debug|Any CPU.Build.0 = Debug|Any CPU
		{6E9AD20C-6E5E-4F1F-AACF-D5A8649635B5}.Release|Any CPU.ActiveCfg = Release|Any CPU
		{6E9AD20C-6E5E-4F1F-AACF-D5A8649635B5}.Release|Any CPU.Build.0 = Release|Any CPU
		{0CE43232-EB2F-4E68-8079-FF2DA64768E8}.Debug|Any CPU.ActiveCfg = Debug|Any CPU
		{0CE43232-EB2F-4E68-8079-FF2DA64768E8}.Debug|Any CPU.Build.0 = Debug|Any CPU
		{0CE43232-EB2F-4E68-8079-FF2DA64768E8}.Release|Any CPU.ActiveCfg = Release|Any CPU
		{0CE43232-EB2F-4E68-8079-FF2DA64768E8}.Release|Any CPU.Build.0 = Release|Any CPU
		{F2D1D3CF-DFCC-493D-B634-8B9CA2D1BC58}.Debug|Any CPU.ActiveCfg = Debug|Any CPU
		{F2D1D3CF-DFCC-493D-B634-8B9CA2D1BC58}.Debug|Any CPU.Build.0 = Debug|Any CPU
		{F2D1D3CF-DFCC-493D-B634-8B9CA2D1BC58}.Release|Any CPU.ActiveCfg = Release|Any CPU
		{F2D1D3CF-DFCC-493D-B634-8B9CA2D1BC58}.Release|Any CPU.Build.0 = Release|Any CPU
		{61D29BE3-60AB-4C39-AF37-24C3C8F3DCF7}.Debug|Any CPU.ActiveCfg = Debug|Any CPU
		{61D29BE3-60AB-4C39-AF37-24C3C8F3DCF7}.Debug|Any CPU.Build.0 = Debug|Any CPU
		{61D29BE3-60AB-4C39-AF37-24C3C8F3DCF7}.Release|Any CPU.ActiveCfg = Release|Any CPU
		{61D29BE3-60AB-4C39-AF37-24C3C8F3DCF7}.Release|Any CPU.Build.0 = Release|Any CPU
		{9319EB7A-8762-4A0F-AD23-5CBA1218C73D}.Debug|Any CPU.ActiveCfg = Debug|Any CPU
		{9319EB7A-8762-4A0F-AD23-5CBA1218C73D}.Debug|Any CPU.Build.0 = Debug|Any CPU
		{9319EB7A-8762-4A0F-AD23-5CBA1218C73D}.Release|Any CPU.ActiveCfg = Release|Any CPU
		{9319EB7A-8762-4A0F-AD23-5CBA1218C73D}.Release|Any CPU.Build.0 = Release|Any CPU
		{1527F6F6-875F-4105-BBF4-4C702C486B92}.Debug|Any CPU.ActiveCfg = Debug|Any CPU
		{1527F6F6-875F-4105-BBF4-4C702C486B92}.Debug|Any CPU.Build.0 = Debug|Any CPU
		{1527F6F6-875F-4105-BBF4-4C702C486B92}.Release|Any CPU.ActiveCfg = Release|Any CPU
		{1527F6F6-875F-4105-BBF4-4C702C486B92}.Release|Any CPU.Build.0 = Release|Any CPU
		{684BA00C-94AF-452B-872B-01BEE26D0E1C}.Debug|Any CPU.ActiveCfg = Debug|Any CPU
		{684BA00C-94AF-452B-872B-01BEE26D0E1C}.Debug|Any CPU.Build.0 = Debug|Any CPU
		{684BA00C-94AF-452B-872B-01BEE26D0E1C}.Release|Any CPU.ActiveCfg = Release|Any CPU
		{684BA00C-94AF-452B-872B-01BEE26D0E1C}.Release|Any CPU.Build.0 = Release|Any CPU
		{B16DC5DA-B3D6-4ACB-BA83-D1F09AB4C809}.Debug|Any CPU.ActiveCfg = Debug|Any CPU
		{B16DC5DA-B3D6-4ACB-BA83-D1F09AB4C809}.Debug|Any CPU.Build.0 = Debug|Any CPU
		{B16DC5DA-B3D6-4ACB-BA83-D1F09AB4C809}.Release|Any CPU.ActiveCfg = Release|Any CPU
		{B16DC5DA-B3D6-4ACB-BA83-D1F09AB4C809}.Release|Any CPU.Build.0 = Release|Any CPU
		{1EBF1BAA-7D68-4CE1-9879-51A41FE4E3D3}.Debug|Any CPU.ActiveCfg = Debug|Any CPU
		{1EBF1BAA-7D68-4CE1-9879-51A41FE4E3D3}.Debug|Any CPU.Build.0 = Debug|Any CPU
		{1EBF1BAA-7D68-4CE1-9879-51A41FE4E3D3}.Release|Any CPU.ActiveCfg = Release|Any CPU
		{1EBF1BAA-7D68-4CE1-9879-51A41FE4E3D3}.Release|Any CPU.Build.0 = Release|Any CPU
	EndGlobalSection
	GlobalSection(SolutionProperties) = preSolution
		HideSolutionNode = FALSE
	EndGlobalSection
EndGlobal
