
Microsoft Visual Studio Solution File, Format Version 12.00
# Visual Studio 2012
Project("{FAE04EC0-301F-11D3-BF4B-00C04F79EFBC}") = "Tubes100", "Tubes\Tubes100.csproj", "{C3D67FB4-95BC-46AC-97BF-D2F85634B28C}"
EndProject
Project("{FAE04EC0-301F-11D3-BF4B-00C04F79EFBC}") = "PHPVariables100", "PHPVariables\PHPVariables100.csproj", "{6F6BA17B-8E43-4617-A47C-221B5E31499B}"
EndProject
Project("{FAE04EC0-301F-11D3-BF4B-00C04F79EFBC}") = "Zerg!!!100", "Zerg!!!\Zerg!!!100.csproj", "{C5DFFBBA-26D8-4FF3-98EC-DE368D9C017C}"
EndProject
Project("{FAE04EC0-301F-11D3-BF4B-00C04F79EFBC}") = "MovingLetters100", "MovingLetters\MovingLetters100.csproj", "{7B0D0CE4-A7E5-4768-BCDA-2A9C4A434895}"
EndProject
Project("{FAE04EC0-301F-11D3-BF4B-00C04F79EFBC}") = "MultiverseComunication100", "MultiverseComunication\MultiverseComunication100.csproj", "{C1E5BC28-C023-4C0C-B535-43E9D5F55F5B}"
EndProject
Project("{FAE04EC0-301F-11D3-BF4B-00C04F79EFBC}") = "KaspichanLetters100", "KaspichanLetters\KaspichanLetters100.csproj", "{462A6736-E395-4E95-A977-C580CDC362E5}"
EndProject
Project("{FAE04EC0-301F-11D3-BF4B-00C04F79EFBC}") = "GreedyDwarf100", "GreedyDwarf\GreedyDwarf100.csproj", "{CC0FD019-5C5B-4DF4-A581-083A800C9CE5}"
EndProject
Project("{FAE04EC0-301F-11D3-BF4B-00C04F79EFBC}") = "CSarpBrackets90", "CSarpBrackets\CSarpBrackets90.csproj", "{74E9ECA9-1B47-4CD4-A281-B3E8CE6794A7}"
EndProject
Project("{FAE04EC0-301F-11D3-BF4B-00C04F79EFBC}") = "SevenSegmentsDisplay100", "SevenSegmentsDisplay\SevenSegmentsDisplay100.csproj", "{1CB21222-FB90-4F6A-A0AC-B0A2C813439C}"
EndProject
Project("{FAE04EC0-301F-11D3-BF4B-00C04F79EFBC}") = "EncodeAndEncrypt90", "EncodeAndEncrypt\EncodeAndEncrypt90.csproj", "{7DAA34FE-6961-4B94-AF79-5F85C110A07F}"
EndProject
Project("{FAE04EC0-301F-11D3-BF4B-00C04F79EFBC}") = "9GagNumbers100", "9GagNumbers\9GagNumbers100.csproj", "{455A6247-A85F-4422-BE86-82EE65C020A7}"
EndProject
Project("{FAE04EC0-301F-11D3-BF4B-00C04F79EFBC}") = "KukataIsDancing100", "KukataIsDancing\KukataIsDancing100.csproj", "{F85448A9-9A3E-4BC2-A150-8DF77007082C}"
EndProject
Project("{FAE04EC0-301F-11D3-BF4B-00C04F79EFBC}") = "SpecialValue100", "SpecialValue\SpecialValue100.csproj", "{01D62A91-3634-4069-A1E9-9F2771B624E1}"
EndProject
Project("{FAE04EC0-301F-11D3-BF4B-00C04F79EFBC}") = "3Dstars100", "3Dstars\3Dstars100.csproj", "{9B4668C5-0275-49B3-9A11-60CB26162A79}"
EndProject
Project("{FAE04EC0-301F-11D3-BF4B-00C04F79EFBC}") = "JoroTheRabbit95", "JoroTheRabbit\JoroTheRabbit95.csproj", "{B0F03803-BC6D-438C-8149-CBEDF5CA55F5}"
EndProject
Project("{FAE04EC0-301F-11D3-BF4B-00C04F79EFBC}") = "GenomeDecoder90", "GenomeDecoder\GenomeDecoder90.csproj", "{27D30DE2-8F9C-4C96-BF2A-52CDFDC4E268}"
EndProject
Project("{FAE04EC0-301F-11D3-BF4B-00C04F79EFBC}") = "3DLines100", "3DLines\3DLines100.csproj", "{206EEB70-AE49-4CFC-B13B-0DEA70F51BBC}"
EndProject
Project("{FAE04EC0-301F-11D3-BF4B-00C04F79EFBC}") = "Guitar", "Guitar\Guitar.csproj", "{34B142E7-7C42-4524-B7E8-F7701D45B3A8}"
EndProject
Project("{FAE04EC0-301F-11D3-BF4B-00C04F79EFBC}") = "BracketsRecursion", "Brackets\BracketsRecursion.csproj", "{DD1B1295-EAF4-46A8-9001-87B4C3C4F819}"
EndProject
Project("{FAE04EC0-301F-11D3-BF4B-00C04F79EFBC}") = "BracketsSolutionAutor", "BracketsSolutionAutor\BracketsSolutionAutor.csproj", "{8A7E0F65-36B1-4FD7-A7B6-6F2174EB646B}"
EndProject
Project("{FAE04EC0-301F-11D3-BF4B-00C04F79EFBC}") = "ConsoleJustificationSmart", "ConsoleJustificationSmart\ConsoleJustificationSmart.csproj", "{642DE42A-BD97-488A-A652-49E790D72F82}"
EndProject
Project("{FAE04EC0-301F-11D3-BF4B-00C04F79EFBC}") = "DecodeAndDecrypt100", "DecodeAndDecrypt\DecodeAndDecrypt100.csproj", "{01EBDF5F-5069-47E1-BCEF-A83F227BB172}"
EndProject
Project("{FAE04EC0-301F-11D3-BF4B-00C04F79EFBC}") = "BracketsMine100", "BracketsMine\BracketsMine100.csproj", "{F895E00B-38FC-4A9F-B8E1-5AFD402838F8}"
EndProject
Project("{FAE04EC0-301F-11D3-BF4B-00C04F79EFBC}") = "DuranKulakNumbers100", "KaspichanNumbers\DuranKulakNumbers100.csproj", "{C0842F58-E873-45C0-8430-60DD07B1B4A7}"
EndProject
Project("{FAE04EC0-301F-11D3-BF4B-00C04F79EFBC}") = "FeatWithGrisko", "FeatWithGrisko\FeatWithGrisko.csproj", "{C545A08C-5841-460A-8E38-3614998EF79D}"
EndProject
Project("{FAE04EC0-301F-11D3-BF4B-00C04F79EFBC}") = "MagicWords100", "MagicWords\MagicWords100.csproj", "{4FE94E9F-C91D-42C0-AD7B-0CB9D2A7A38D}"
EndProject
Project("{FAE04EC0-301F-11D3-BF4B-00C04F79EFBC}") = "FakeTextMarkupLanguage", "FakeTextMarkupLanguage\FakeTextMarkupLanguage.csproj", "{1F2B72EA-5DBD-4BF3-B3E1-7DD2313A84CC}"
EndProject
Project("{FAE04EC0-301F-11D3-BF4B-00C04F79EFBC}") = "AAATRES4", "AAATRES4\AAATRES4.csproj", "{5D8B9DFC-1F40-49C4-891D-BCD524F0912F}"
EndProject
Project("{FAE04EC0-301F-11D3-BF4B-00C04F79EFBC}") = "AAABUNNY", "AAABUNNY\AAABUNNY.csproj", "{7AF3DC2A-006E-4DE5-B5BE-621C141DA21E}"
EndProject
Project("{FAE04EC0-301F-11D3-BF4B-00C04F79EFBC}") = "AAADOGE", "AAADOGE\AAADOGE.csproj", "{C93A5E3B-1533-462C-9EB7-4151DB861F41}"
EndProject
Project("{FAE04EC0-301F-11D3-BF4B-00C04F79EFBC}") = "PATTERN", "PATTERN\PATTERN.csproj", "{41F43025-9839-43A1-8B25-2C95F7061B89}"
EndProject
Project("{FAE04EC0-301F-11D3-BF4B-00C04F79EFBC}") = "TRY", "TRY\TRY.csproj", "{5F7826EF-8885-414D-A2CA-9930CBE05B1F}"
EndProject
Global
	GlobalSection(SolutionConfigurationPlatforms) = preSolution
		Debug|Any CPU = Debug|Any CPU
		Release|Any CPU = Release|Any CPU
	EndGlobalSection
	GlobalSection(ProjectConfigurationPlatforms) = postSolution
		{C3D67FB4-95BC-46AC-97BF-D2F85634B28C}.Debug|Any CPU.ActiveCfg = Debug|Any CPU
		{C3D67FB4-95BC-46AC-97BF-D2F85634B28C}.Debug|Any CPU.Build.0 = Debug|Any CPU
		{C3D67FB4-95BC-46AC-97BF-D2F85634B28C}.Release|Any CPU.ActiveCfg = Release|Any CPU
		{C3D67FB4-95BC-46AC-97BF-D2F85634B28C}.Release|Any CPU.Build.0 = Release|Any CPU
		{6F6BA17B-8E43-4617-A47C-221B5E31499B}.Debug|Any CPU.ActiveCfg = Debug|Any CPU
		{6F6BA17B-8E43-4617-A47C-221B5E31499B}.Debug|Any CPU.Build.0 = Debug|Any CPU
		{6F6BA17B-8E43-4617-A47C-221B5E31499B}.Release|Any CPU.ActiveCfg = Release|Any CPU
		{6F6BA17B-8E43-4617-A47C-221B5E31499B}.Release|Any CPU.Build.0 = Release|Any CPU
		{C5DFFBBA-26D8-4FF3-98EC-DE368D9C017C}.Debug|Any CPU.ActiveCfg = Debug|Any CPU
		{C5DFFBBA-26D8-4FF3-98EC-DE368D9C017C}.Debug|Any CPU.Build.0 = Debug|Any CPU
		{C5DFFBBA-26D8-4FF3-98EC-DE368D9C017C}.Release|Any CPU.ActiveCfg = Release|Any CPU
		{C5DFFBBA-26D8-4FF3-98EC-DE368D9C017C}.Release|Any CPU.Build.0 = Release|Any CPU
		{7B0D0CE4-A7E5-4768-BCDA-2A9C4A434895}.Debug|Any CPU.ActiveCfg = Debug|Any CPU
		{7B0D0CE4-A7E5-4768-BCDA-2A9C4A434895}.Debug|Any CPU.Build.0 = Debug|Any CPU
		{7B0D0CE4-A7E5-4768-BCDA-2A9C4A434895}.Release|Any CPU.ActiveCfg = Release|Any CPU
		{7B0D0CE4-A7E5-4768-BCDA-2A9C4A434895}.Release|Any CPU.Build.0 = Release|Any CPU
		{C1E5BC28-C023-4C0C-B535-43E9D5F55F5B}.Debug|Any CPU.ActiveCfg = Debug|Any CPU
		{C1E5BC28-C023-4C0C-B535-43E9D5F55F5B}.Debug|Any CPU.Build.0 = Debug|Any CPU
		{C1E5BC28-C023-4C0C-B535-43E9D5F55F5B}.Release|Any CPU.ActiveCfg = Release|Any CPU
		{C1E5BC28-C023-4C0C-B535-43E9D5F55F5B}.Release|Any CPU.Build.0 = Release|Any CPU
		{462A6736-E395-4E95-A977-C580CDC362E5}.Debug|Any CPU.ActiveCfg = Debug|Any CPU
		{462A6736-E395-4E95-A977-C580CDC362E5}.Debug|Any CPU.Build.0 = Debug|Any CPU
		{462A6736-E395-4E95-A977-C580CDC362E5}.Release|Any CPU.ActiveCfg = Release|Any CPU
		{462A6736-E395-4E95-A977-C580CDC362E5}.Release|Any CPU.Build.0 = Release|Any CPU
		{CC0FD019-5C5B-4DF4-A581-083A800C9CE5}.Debug|Any CPU.ActiveCfg = Debug|Any CPU
		{CC0FD019-5C5B-4DF4-A581-083A800C9CE5}.Debug|Any CPU.Build.0 = Debug|Any CPU
		{CC0FD019-5C5B-4DF4-A581-083A800C9CE5}.Release|Any CPU.ActiveCfg = Release|Any CPU
		{CC0FD019-5C5B-4DF4-A581-083A800C9CE5}.Release|Any CPU.Build.0 = Release|Any CPU
		{74E9ECA9-1B47-4CD4-A281-B3E8CE6794A7}.Debug|Any CPU.ActiveCfg = Debug|Any CPU
		{74E9ECA9-1B47-4CD4-A281-B3E8CE6794A7}.Debug|Any CPU.Build.0 = Debug|Any CPU
		{74E9ECA9-1B47-4CD4-A281-B3E8CE6794A7}.Release|Any CPU.ActiveCfg = Release|Any CPU
		{74E9ECA9-1B47-4CD4-A281-B3E8CE6794A7}.Release|Any CPU.Build.0 = Release|Any CPU
		{1CB21222-FB90-4F6A-A0AC-B0A2C813439C}.Debug|Any CPU.ActiveCfg = Debug|Any CPU
		{1CB21222-FB90-4F6A-A0AC-B0A2C813439C}.Debug|Any CPU.Build.0 = Debug|Any CPU
		{1CB21222-FB90-4F6A-A0AC-B0A2C813439C}.Release|Any CPU.ActiveCfg = Release|Any CPU
		{1CB21222-FB90-4F6A-A0AC-B0A2C813439C}.Release|Any CPU.Build.0 = Release|Any CPU
		{7DAA34FE-6961-4B94-AF79-5F85C110A07F}.Debug|Any CPU.ActiveCfg = Debug|Any CPU
		{7DAA34FE-6961-4B94-AF79-5F85C110A07F}.Debug|Any CPU.Build.0 = Debug|Any CPU
		{7DAA34FE-6961-4B94-AF79-5F85C110A07F}.Release|Any CPU.ActiveCfg = Release|Any CPU
		{7DAA34FE-6961-4B94-AF79-5F85C110A07F}.Release|Any CPU.Build.0 = Release|Any CPU
		{455A6247-A85F-4422-BE86-82EE65C020A7}.Debug|Any CPU.ActiveCfg = Debug|Any CPU
		{455A6247-A85F-4422-BE86-82EE65C020A7}.Debug|Any CPU.Build.0 = Debug|Any CPU
		{455A6247-A85F-4422-BE86-82EE65C020A7}.Release|Any CPU.ActiveCfg = Release|Any CPU
		{455A6247-A85F-4422-BE86-82EE65C020A7}.Release|Any CPU.Build.0 = Release|Any CPU
		{F85448A9-9A3E-4BC2-A150-8DF77007082C}.Debug|Any CPU.ActiveCfg = Debug|Any CPU
		{F85448A9-9A3E-4BC2-A150-8DF77007082C}.Debug|Any CPU.Build.0 = Debug|Any CPU
		{F85448A9-9A3E-4BC2-A150-8DF77007082C}.Release|Any CPU.ActiveCfg = Release|Any CPU
		{F85448A9-9A3E-4BC2-A150-8DF77007082C}.Release|Any CPU.Build.0 = Release|Any CPU
		{01D62A91-3634-4069-A1E9-9F2771B624E1}.Debug|Any CPU.ActiveCfg = Debug|Any CPU
		{01D62A91-3634-4069-A1E9-9F2771B624E1}.Debug|Any CPU.Build.0 = Debug|Any CPU
		{01D62A91-3634-4069-A1E9-9F2771B624E1}.Release|Any CPU.ActiveCfg = Release|Any CPU
		{01D62A91-3634-4069-A1E9-9F2771B624E1}.Release|Any CPU.Build.0 = Release|Any CPU
		{9B4668C5-0275-49B3-9A11-60CB26162A79}.Debug|Any CPU.ActiveCfg = Debug|Any CPU
		{9B4668C5-0275-49B3-9A11-60CB26162A79}.Debug|Any CPU.Build.0 = Debug|Any CPU
		{9B4668C5-0275-49B3-9A11-60CB26162A79}.Release|Any CPU.ActiveCfg = Release|Any CPU
		{9B4668C5-0275-49B3-9A11-60CB26162A79}.Release|Any CPU.Build.0 = Release|Any CPU
		{B0F03803-BC6D-438C-8149-CBEDF5CA55F5}.Debug|Any CPU.ActiveCfg = Debug|Any CPU
		{B0F03803-BC6D-438C-8149-CBEDF5CA55F5}.Debug|Any CPU.Build.0 = Debug|Any CPU
		{B0F03803-BC6D-438C-8149-CBEDF5CA55F5}.Release|Any CPU.ActiveCfg = Release|Any CPU
		{B0F03803-BC6D-438C-8149-CBEDF5CA55F5}.Release|Any CPU.Build.0 = Release|Any CPU
		{27D30DE2-8F9C-4C96-BF2A-52CDFDC4E268}.Debug|Any CPU.ActiveCfg = Debug|Any CPU
		{27D30DE2-8F9C-4C96-BF2A-52CDFDC4E268}.Debug|Any CPU.Build.0 = Debug|Any CPU
		{27D30DE2-8F9C-4C96-BF2A-52CDFDC4E268}.Release|Any CPU.ActiveCfg = Release|Any CPU
		{27D30DE2-8F9C-4C96-BF2A-52CDFDC4E268}.Release|Any CPU.Build.0 = Release|Any CPU
		{206EEB70-AE49-4CFC-B13B-0DEA70F51BBC}.Debug|Any CPU.ActiveCfg = Debug|Any CPU
		{206EEB70-AE49-4CFC-B13B-0DEA70F51BBC}.Debug|Any CPU.Build.0 = Debug|Any CPU
		{206EEB70-AE49-4CFC-B13B-0DEA70F51BBC}.Release|Any CPU.ActiveCfg = Release|Any CPU
		{206EEB70-AE49-4CFC-B13B-0DEA70F51BBC}.Release|Any CPU.Build.0 = Release|Any CPU
		{34B142E7-7C42-4524-B7E8-F7701D45B3A8}.Debug|Any CPU.ActiveCfg = Debug|Any CPU
		{34B142E7-7C42-4524-B7E8-F7701D45B3A8}.Debug|Any CPU.Build.0 = Debug|Any CPU
		{34B142E7-7C42-4524-B7E8-F7701D45B3A8}.Release|Any CPU.ActiveCfg = Release|Any CPU
		{34B142E7-7C42-4524-B7E8-F7701D45B3A8}.Release|Any CPU.Build.0 = Release|Any CPU
		{DD1B1295-EAF4-46A8-9001-87B4C3C4F819}.Debug|Any CPU.ActiveCfg = Debug|Any CPU
		{DD1B1295-EAF4-46A8-9001-87B4C3C4F819}.Debug|Any CPU.Build.0 = Debug|Any CPU
		{DD1B1295-EAF4-46A8-9001-87B4C3C4F819}.Release|Any CPU.ActiveCfg = Release|Any CPU
		{DD1B1295-EAF4-46A8-9001-87B4C3C4F819}.Release|Any CPU.Build.0 = Release|Any CPU
		{8A7E0F65-36B1-4FD7-A7B6-6F2174EB646B}.Debug|Any CPU.ActiveCfg = Debug|Any CPU
		{8A7E0F65-36B1-4FD7-A7B6-6F2174EB646B}.Debug|Any CPU.Build.0 = Debug|Any CPU
		{8A7E0F65-36B1-4FD7-A7B6-6F2174EB646B}.Release|Any CPU.ActiveCfg = Release|Any CPU
		{8A7E0F65-36B1-4FD7-A7B6-6F2174EB646B}.Release|Any CPU.Build.0 = Release|Any CPU
		{642DE42A-BD97-488A-A652-49E790D72F82}.Debug|Any CPU.ActiveCfg = Debug|Any CPU
		{642DE42A-BD97-488A-A652-49E790D72F82}.Debug|Any CPU.Build.0 = Debug|Any CPU
		{642DE42A-BD97-488A-A652-49E790D72F82}.Release|Any CPU.ActiveCfg = Release|Any CPU
		{642DE42A-BD97-488A-A652-49E790D72F82}.Release|Any CPU.Build.0 = Release|Any CPU
		{01EBDF5F-5069-47E1-BCEF-A83F227BB172}.Debug|Any CPU.ActiveCfg = Debug|Any CPU
		{01EBDF5F-5069-47E1-BCEF-A83F227BB172}.Debug|Any CPU.Build.0 = Debug|Any CPU
		{01EBDF5F-5069-47E1-BCEF-A83F227BB172}.Release|Any CPU.ActiveCfg = Release|Any CPU
		{01EBDF5F-5069-47E1-BCEF-A83F227BB172}.Release|Any CPU.Build.0 = Release|Any CPU
		{F895E00B-38FC-4A9F-B8E1-5AFD402838F8}.Debug|Any CPU.ActiveCfg = Debug|Any CPU
		{F895E00B-38FC-4A9F-B8E1-5AFD402838F8}.Debug|Any CPU.Build.0 = Debug|Any CPU
		{F895E00B-38FC-4A9F-B8E1-5AFD402838F8}.Release|Any CPU.ActiveCfg = Release|Any CPU
		{F895E00B-38FC-4A9F-B8E1-5AFD402838F8}.Release|Any CPU.Build.0 = Release|Any CPU
		{C0842F58-E873-45C0-8430-60DD07B1B4A7}.Debug|Any CPU.ActiveCfg = Debug|Any CPU
		{C0842F58-E873-45C0-8430-60DD07B1B4A7}.Debug|Any CPU.Build.0 = Debug|Any CPU
		{C0842F58-E873-45C0-8430-60DD07B1B4A7}.Release|Any CPU.ActiveCfg = Release|Any CPU
		{C0842F58-E873-45C0-8430-60DD07B1B4A7}.Release|Any CPU.Build.0 = Release|Any CPU
		{C545A08C-5841-460A-8E38-3614998EF79D}.Debug|Any CPU.ActiveCfg = Debug|Any CPU
		{C545A08C-5841-460A-8E38-3614998EF79D}.Debug|Any CPU.Build.0 = Debug|Any CPU
		{C545A08C-5841-460A-8E38-3614998EF79D}.Release|Any CPU.ActiveCfg = Release|Any CPU
		{C545A08C-5841-460A-8E38-3614998EF79D}.Release|Any CPU.Build.0 = Release|Any CPU
		{4FE94E9F-C91D-42C0-AD7B-0CB9D2A7A38D}.Debug|Any CPU.ActiveCfg = Debug|Any CPU
		{4FE94E9F-C91D-42C0-AD7B-0CB9D2A7A38D}.Debug|Any CPU.Build.0 = Debug|Any CPU
		{4FE94E9F-C91D-42C0-AD7B-0CB9D2A7A38D}.Release|Any CPU.ActiveCfg = Release|Any CPU
		{4FE94E9F-C91D-42C0-AD7B-0CB9D2A7A38D}.Release|Any CPU.Build.0 = Release|Any CPU
		{1F2B72EA-5DBD-4BF3-B3E1-7DD2313A84CC}.Debug|Any CPU.ActiveCfg = Debug|Any CPU
		{1F2B72EA-5DBD-4BF3-B3E1-7DD2313A84CC}.Debug|Any CPU.Build.0 = Debug|Any CPU
		{1F2B72EA-5DBD-4BF3-B3E1-7DD2313A84CC}.Release|Any CPU.ActiveCfg = Release|Any CPU
		{1F2B72EA-5DBD-4BF3-B3E1-7DD2313A84CC}.Release|Any CPU.Build.0 = Release|Any CPU
		{5D8B9DFC-1F40-49C4-891D-BCD524F0912F}.Debug|Any CPU.ActiveCfg = Debug|Any CPU
		{5D8B9DFC-1F40-49C4-891D-BCD524F0912F}.Debug|Any CPU.Build.0 = Debug|Any CPU
		{5D8B9DFC-1F40-49C4-891D-BCD524F0912F}.Release|Any CPU.ActiveCfg = Release|Any CPU
		{5D8B9DFC-1F40-49C4-891D-BCD524F0912F}.Release|Any CPU.Build.0 = Release|Any CPU
		{7AF3DC2A-006E-4DE5-B5BE-621C141DA21E}.Debug|Any CPU.ActiveCfg = Debug|Any CPU
		{7AF3DC2A-006E-4DE5-B5BE-621C141DA21E}.Debug|Any CPU.Build.0 = Debug|Any CPU
		{7AF3DC2A-006E-4DE5-B5BE-621C141DA21E}.Release|Any CPU.ActiveCfg = Release|Any CPU
		{7AF3DC2A-006E-4DE5-B5BE-621C141DA21E}.Release|Any CPU.Build.0 = Release|Any CPU
		{C93A5E3B-1533-462C-9EB7-4151DB861F41}.Debug|Any CPU.ActiveCfg = Debug|Any CPU
		{C93A5E3B-1533-462C-9EB7-4151DB861F41}.Debug|Any CPU.Build.0 = Debug|Any CPU
		{C93A5E3B-1533-462C-9EB7-4151DB861F41}.Release|Any CPU.ActiveCfg = Release|Any CPU
		{C93A5E3B-1533-462C-9EB7-4151DB861F41}.Release|Any CPU.Build.0 = Release|Any CPU
		{41F43025-9839-43A1-8B25-2C95F7061B89}.Debug|Any CPU.ActiveCfg = Debug|Any CPU
		{41F43025-9839-43A1-8B25-2C95F7061B89}.Debug|Any CPU.Build.0 = Debug|Any CPU
		{41F43025-9839-43A1-8B25-2C95F7061B89}.Release|Any CPU.ActiveCfg = Release|Any CPU
		{41F43025-9839-43A1-8B25-2C95F7061B89}.Release|Any CPU.Build.0 = Release|Any CPU
		{5F7826EF-8885-414D-A2CA-9930CBE05B1F}.Debug|Any CPU.ActiveCfg = Debug|Any CPU
		{5F7826EF-8885-414D-A2CA-9930CBE05B1F}.Debug|Any CPU.Build.0 = Debug|Any CPU
		{5F7826EF-8885-414D-A2CA-9930CBE05B1F}.Release|Any CPU.ActiveCfg = Release|Any CPU
		{5F7826EF-8885-414D-A2CA-9930CBE05B1F}.Release|Any CPU.Build.0 = Release|Any CPU
	EndGlobalSection
	GlobalSection(SolutionProperties) = preSolution
		HideSolutionNode = FALSE
	EndGlobalSection
EndGlobal
